{
  "name": "aidot-mini",
  "version": "1.0.11",
  "lockfileVersion": 3,
  "requires": true,
  "packages": {
    "": {
      "name": "aidot-mini",
      "version": "1.0.11",
      "dependencies": {
        "esbuild-wasm": "0.28.2"
      },
      "engines": {
        "node": ">=22.19.0"
      },
      "license": "Apache-2.0"
    },
    "node_modules/esbuild-wasm": {
      "version": "0.28.2",
      "resolved": "https://registry.npmjs.org/esbuild-wasm/-/esbuild-wasm-0.28.2.tgz",
      "integrity": "sha512-GccVwhv3mmOUVQHCQm2Ox/rby8n/EqUwvZxE6Pjfikrq/lWw9g9WX/u9EykWnpot3Ko6j426DgQdea2xWKIAQA==",
      "license": "MIT",
      "bin": {
        "esbuild": "bin/esbuild"
      },
      "engines": {
        "node": ">=18"
      }
    }
  }
}
